
Microsoft Visual Studio Solution File, Format Version 12.00
# Visual Studio Version 16
VisualStudioVersion = 16.0.31702.278
MinimumVisualStudioVersion = 10.0.40219.1
Project("{FAE04EC0-301F-11D3-BF4B-00C04F79EFBC}") = "Seikkailija", "Seikkailija\Seikkailija.csproj", "{28901857-7747-407E-9167-E4B805E175EB}"
EndProject
Global
	GlobalSection(SolutionConfigurationPlatforms) = preSolution
		Debug|Any CPU = Debug|Any CPU
		Release|Any CPU = Release|Any CPU
	EndGlobalSection
	GlobalSection(ProjectConfigurationPlatforms) = postSolution
		{28901857-7747-407E-9167-E4B805E175EB}.Debug|Any CPU.ActiveCfg = Debug|Any CPU
		{28901857-7747-407E-9167-E4B805E175EB}.Debug|Any CPU.Build.0 = Debug|Any CPU
		{28901857-7747-407E-9167-E4B805E175EB}.Release|Any CPU.ActiveCfg = Release|Any CPU
		{28901857-7747-407E-9167-E4B805E175EB}.Release|Any CPU.Build.0 = Release|Any CPU
	EndGlobalSection
	GlobalSection(SolutionProperties) = preSolution
		HideSolutionNode = FALSE
	EndGlobalSection
	GlobalSection(ExtensibilityGlobals) = postSolution
		SolutionGuid = {546567F0-8DC7-4316-B786-5120645DA722}
	EndGlobalSection
EndGlobal
